// !$*UTF8*$!
{
	archiveVersion = 1;
	classes = {
	};
	objectVersion = 48;
	objects = {

/* Begin PBXBuildFile section */
		04F48F142025B1D40014F289 /* AppDelegate.swift in Sources */ = {isa = PBXBuildFile; fileRef = 04F48F132025B1D40014F289 /* AppDelegate.swift */; };
		04F48F192025B1D40014F289 /* Main.storyboard in Resources */ = {isa = PBXBuildFile; fileRef = 04F48F172025B1D40014F289 /* Main.storyboard */; };
		04F48F1B2025B1D40014F289 /* Assets.xcassets in Resources */ = {isa = PBXBuildFile; fileRef = 04F48F1A2025B1D40014F289 /* Assets.xcassets */; };
		04F48F1E2025B1D40014F289 /* LaunchScreen.storyboard in Resources */ = {isa = PBXBuildFile; fileRef = 04F48F1C2025B1D40014F289 /* LaunchScreen.storyboard */; };
		04F48F292025B1D40014F289 /* LentTestTests.swift in Sources */ = {isa = PBXBuildFile; fileRef = 04F48F282025B1D40014F289 /* LentTestTests.swift */; };
		04F48F342025B1D40014F289 /* LentTestUITests.swift in Sources */ = {isa = PBXBuildFile; fileRef = 04F48F332025B1D40014F289 /* LentTestUITests.swift */; };
		04F48F422025B36F0014F289 /* MainTableViewCell.swift in Sources */ = {isa = PBXBuildFile; fileRef = 04F48F412025B36F0014F289 /* MainTableViewCell.swift */; };
		04F48F442025B3A10014F289 /* MainTableViewController.swift in Sources */ = {isa = PBXBuildFile; fileRef = 04F48F432025B3A10014F289 /* MainTableViewController.swift */; };
		04F48F462025B3BD0014F289 /* DetailsViewController.swift in Sources */ = {isa = PBXBuildFile; fileRef = 04F48F452025B3BD0014F289 /* DetailsViewController.swift */; };
		04F48F482025B4450014F289 /* MVC.swift in Sources */ = {isa = PBXBuildFile; fileRef = 04F48F472025B4450014F289 /* MVC.swift */; };
/* End PBXBuildFile section */

/* Begin PBXContainerItemProxy section */
		04F48F252025B1D40014F289 /* PBXContainerItemProxy */ = {
			isa = PBXContainerItemProxy;
			containerPortal = 04F48F082025B1D30014F289 /* Project object */;
			proxyType = 1;
			remoteGlobalIDString = 04F48F0F2025B1D30014F289;
			remoteInfo = LentTest;
		};
		04F48F302025B1D40014F289 /* PBXContainerItemProxy */ = {
			isa = PBXContainerItemProxy;
			containerPortal = 04F48F082025B1D30014F289 /* Project object */;
			proxyType = 1;
			remoteGlobalIDString = 04F48F0F2025B1D30014F289;
			remoteInfo = LentTest;
		};
/* End PBXContainerItemProxy section */

/* Begin PBXFileReference section */
		04F48F102025B1D30014F289 /* LentTest.app */ = {isa = PBXFileReference; explicitFileType = wrapper.application; includeInIndex = 0; path = LentTest.app; sourceTree = BUILT_PRODUCTS_DIR; };
		04F48F132025B1D40014F289 /* AppDelegate.swift */ = {isa = PBXFileReference; lastKnownFileType = sourcecode.swift; path = AppDelegate.swift; sourceTree = "<group>"; };
		04F48F182025B1D40014F289 /* Base */ = {isa = PBXFileReference; lastKnownFileType = file.storyboard; name = Base; path = Base.lproj/Main.storyboard; sourceTree = "<group>"; };
		04F48F1A2025B1D40014F289 /* Assets.xcassets */ = {isa = PBXFileReference; lastKnownFileType = folder.assetcatalog; path = Assets.xcassets; sourceTree = "<group>"; };
		04F48F1D2025B1D40014F289 /* Base */ = {isa = PBXFileReference; lastKnownFileType = file.storyboard; name = Base; path = Base.lproj/LaunchScreen.storyboard; sourceTree = "<group>"; };
		04F48F1F2025B1D40014F289 /* Info.plist */ = {isa = PBXFileReference; lastKnownFileType = text.plist.xml; path = Info.plist; sourceTree = "<group>"; };
		04F48F242025B1D40014F289 /* LentTestTests.xctest */ = {isa = PBXFileReference; explicitFileType = wrapper.cfbundle; includeInIndex = 0; path = LentTestTests.xctest; sourceTree = BUILT_PRODUCTS_DIR; };
		04F48F282025B1D40014F289 /* LentTestTests.swift */ = {isa = PBXFileReference; lastKnownFileType = sourcecode.swift; path = LentTestTests.swift; sourceTree = "<group>"; };
		04F48F2A2025B1D40014F289 /* Info.plist */ = {isa = PBXFileReference; lastKnownFileType = text.plist.xml; path = Info.plist; sourceTree = "<group>"; };
		04F48F2F2025B1D40014F289 /* LentTestUITests.xctest */ = {isa = PBXFileReference; explicitFileType = wrapper.cfbundle; includeInIndex = 0; path = LentTestUITests.xctest; sourceTree = BUILT_PRODUCTS_DIR; };
		04F48F332025B1D40014F289 /* LentTestUITests.swift */ = {isa = PBXFileReference; lastKnownFileType = sourcecode.swift; path = LentTestUITests.swift; sourceTree = "<group>"; };
		04F48F352025B1D40014F289 /* Info.plist */ = {isa = PBXFileReference; lastKnownFileType = text.plist.xml; path = Info.plist; sourceTree = "<group>"; };
		04F48F412025B36F0014F289 /* MainTableViewCell.swift */ = {isa = PBXFileReference; lastKnownFileType = sourcecode.swift; path = MainTableViewCell.swift; sourceTree = "<group>"; };
		04F48F432025B3A10014F289 /* MainTableViewController.swift */ = {isa = PBXFileReference; lastKnownFileType = sourcecode.swift; path = MainTableViewController.swift; sourceTree = "<group>"; };
		04F48F452025B3BD0014F289 /* DetailsViewController.swift */ = {isa = PBXFileReference; lastKnownFileType = sourcecode.swift; path = DetailsViewController.swift; sourceTree = "<group>"; };
		04F48F472025B4450014F289 /* MVC.swift */ = {isa = PBXFileReference; lastKnownFileType = sourcecode.swift; path = MVC.swift; sourceTree = "<group>"; };
/* End PBXFileReference section */

/* Begin PBXFrameworksBuildPhase section */
		04F48F0D2025B1D30014F289 /* Frameworks */ = {
			isa = PBXFrameworksBuildPhase;
			buildActionMask = 2147483647;
			files = (
			);
			runOnlyForDeploymentPostprocessing = 0;
		};
		04F48F212025B1D40014F289 /* Frameworks */ = {
			isa = PBXFrameworksBuildPhase;
			buildActionMask = 2147483647;
			files = (
			);
			runOnlyForDeploymentPostprocessing = 0;
		};
		04F48F2C2025B1D40014F289 /* Frameworks */ = {
			isa = PBXFrameworksBuildPhase;
			buildActionMask = 2147483647;
			files = (
			);
			runOnlyForDeploymentPostprocessing = 0;
		};
/* End PBXFrameworksBuildPhase section */

/* Begin PBXGroup section */
		04F48F072025B1D30014F289 = {
			isa = PBXGroup;
			children = (
				04F48F122025B1D30014F289 /* LentTest */,
				04F48F272025B1D40014F289 /* LentTestTests */,
				04F48F322025B1D40014F289 /* LentTestUITests */,
				04F48F112025B1D30014F289 /* Products */,
			);
			sourceTree = "<group>";
		};
		04F48F112025B1D30014F289 /* Products */ = {
			isa = PBXGroup;
			children = (
				04F48F102025B1D30014F289 /* LentTest.app */,
				04F48F242025B1D40014F289 /* LentTestTests.xctest */,
				04F48F2F2025B1D40014F289 /* LentTestUITests.xctest */,
			);
			name = Products;
			sourceTree = "<group>";
		};
		04F48F122025B1D30014F289 /* LentTest */ = {
			isa = PBXGroup;
			children = (
				04F48F132025B1D40014F289 /* AppDelegate.swift */,
				04F48F412025B36F0014F289 /* MainTableViewCell.swift */,
				04F48F452025B3BD0014F289 /* DetailsViewController.swift */,
				04F48F432025B3A10014F289 /* MainTableViewController.swift */,
				04F48F472025B4450014F289 /* MVC.swift */,
				04F48F172025B1D40014F289 /* Main.storyboard */,
				04F48F1A2025B1D40014F289 /* Assets.xcassets */,
				04F48F1C2025B1D40014F289 /* LaunchScreen.storyboard */,
				04F48F1F2025B1D40014F289 /* Info.plist */,
			);
			path = LentTest;
			sourceTree = "<group>";
		};
		04F48F272025B1D40014F289 /* LentTestTests */ = {
			isa = PBXGroup;
			children = (
				04F48F282025B1D40014F289 /* LentTestTests.swift */,
				04F48F2A2025B1D40014F289 /* Info.plist */,
			);
			path = LentTestTests;
			sourceTree = "<group>";
		};
		04F48F322025B1D40014F289 /* LentTestUITests */ = {
			isa = PBXGroup;
			children = (
				04F48F332025B1D40014F289 /* LentTestUITests.swift */,
				04F48F352025B1D40014F289 /* Info.plist */,
			);
			path = LentTestUITests;
			sourceTree = "<group>";
		};
/* End PBXGroup section */

/* Begin PBXNativeTarget section */
		04F48F0F2025B1D30014F289 /* LentTest */ = {
			isa = PBXNativeTarget;
			buildConfigurationList = 04F48F382025B1D40014F289 /* Build configuration list for PBXNativeTarget "LentTest" */;
			buildPhases = (
				04F48F0C2025B1D30014F289 /* Sources */,
				04F48F0D2025B1D30014F289 /* Frameworks */,
				04F48F0E2025B1D30014F289 /* Resources */,
			);
			buildRules = (
			);
			dependencies = (
			);
			name = LentTest;
			productName = LentTest;
			productReference = 04F48F102025B1D30014F289 /* LentTest.app */;
			productType = "com.apple.product-type.application";
		};
		04F48F232025B1D40014F289 /* LentTestTests */ = {
			isa = PBXNativeTarget;
			buildConfigurationList = 04F48F3B2025B1D40014F289 /* Build configuration list for PBXNativeTarget "LentTestTests" */;
			buildPhases = (
				04F48F202025B1D40014F289 /* Sources */,
				04F48F212025B1D40014F289 /* Frameworks */,
				04F48F222025B1D40014F289 /* Resources */,
			);
			buildRules = (
			);
			dependencies = (
				04F48F262025B1D40014F289 /* PBXTargetDependency */,
			);
			name = LentTestTests;
			productName = LentTestTests;
			productReference = 04F48F242025B1D40014F289 /* LentTestTests.xctest */;
			productType = "com.apple.product-type.bundle.unit-test";
		};
		04F48F2E2025B1D40014F289 /* LentTestUITests */ = {
			isa = PBXNativeTarget;
			buildConfigurationList = 04F48F3E2025B1D40014F289 /* Build configuration list for PBXNativeTarget "LentTestUITests" */;
			buildPhases = (
				04F48F2B2025B1D40014F289 /* Sources */,
				04F48F2C2025B1D40014F289 /* Frameworks */,
				04F48F2D2025B1D40014F289 /* Resources */,
			);
			buildRules = (
			);
			dependencies = (
				04F48F312025B1D40014F289 /* PBXTargetDependency */,
			);
			name = LentTestUITests;
			productName = LentTestUITests;
			productReference = 04F48F2F2025B1D40014F289 /* LentTestUITests.xctest */;
			productType = "com.apple.product-type.bundle.ui-testing";
		};
/* End PBXNativeTarget section */

/* Begin PBXProject section */
		04F48F082025B1D30014F289 /* Project object */ = {
			isa = PBXProject;
			attributes = {
				LastSwiftUpdateCheck = 0920;
				LastUpgradeCheck = 0920;
				ORGANIZATIONNAME = "Seena Shafai";
				TargetAttributes = {
					04F48F0F2025B1D30014F289 = {
						CreatedOnToolsVersion = 9.2;
						ProvisioningStyle = Automatic;
					};
					04F48F232025B1D40014F289 = {
						CreatedOnToolsVersion = 9.2;
						ProvisioningStyle = Automatic;
						TestTargetID = 04F48F0F2025B1D30014F289;
					};
					04F48F2E2025B1D40014F289 = {
						CreatedOnToolsVersion = 9.2;
						ProvisioningStyle = Automatic;
						TestTargetID = 04F48F0F2025B1D30014F289;
					};
				};
			};
			buildConfigurationList = 04F48F0B2025B1D30014F289 /* Build configuration list for PBXProject "LentTest" */;
			compatibilityVersion = "Xcode 8.0";
			developmentRegion = en;
			hasScannedForEncodings = 0;
			knownRegions = (
				en,
				Base,
			);
			mainGroup = 04F48F072025B1D30014F289;
			productRefGroup = 04F48F112025B1D30014F289 /* Products */;
			projectDirPath = "";
			projectRoot = "";
			targets = (
				04F48F0F2025B1D30014F289 /* LentTest */,
				04F48F232025B1D40014F289 /* LentTestTests */,
				04F48F2E2025B1D40014F289 /* LentTestUITests */,
			);
		};
/* End PBXProject section */

/* Begin PBXResourcesBuildPhase section */
		04F48F0E2025B1D30014F289 /* Resources */ = {
			isa = PBXResourcesBuildPhase;
			buildActionMask = 2147483647;
			files = (
				04F48F1E2025B1D40014F289 /* LaunchScreen.storyboard in Resources */,
				04F48F1B2025B1D40014F289 /* Assets.xcassets in Resources */,
				04F48F192025B1D40014F289 /* Main.storyboard in Resources */,
			);
			runOnlyForDeploymentPostprocessing = 0;
		};
		04F48F222025B1D40014F289 /* Resources */ = {
			isa = PBXResourcesBuildPhase;
			buildActionMask = 2147483647;
			files = (
			);
			runOnlyForDeploymentPostprocessing = 0;
		};
		04F48F2D2025B1D40014F289 /* Resources */ = {
			isa = PBXResourcesBuildPhase;
			buildActionMask = 2147483647;
			files = (
			);
			runOnlyForDeploymentPostprocessing = 0;
		};
/* End PBXResourcesBuildPhase section */

/* Begin PBXSourcesBuildPhase section */
		04F48F0C2025B1D30014F289 /* Sources */ = {
			isa = PBXSourcesBuildPhase;
			buildActionMask = 2147483647;
			files = (
				04F48F482025B4450014F289 /* MVC.swift in Sources */,
				04F48F422025B36F0014F289 /* MainTableViewCell.swift in Sources */,
				04F48F442025B3A10014F289 /* MainTableViewController.swift in Sources */,
				04F48F142025B1D40014F289 /* AppDelegate.swift in Sources */,
				04F48F462025B3BD0014F289 /* DetailsViewController.swift in Sources */,
			);
			runOnlyForDeploymentPostprocessing = 0;
		};
		04F48F202025B1D40014F289 /* Sources */ = {
			isa = PBXSourcesBuildPhase;
			buildActionMask = 2147483647;
			files = (
				04F48F292025B1D40014F289 /* LentTestTests.swift in Sources */,
			);
			runOnlyForDeploymentPostprocessing = 0;
		};
		04F48F2B2025B1D40014F289 /* Sources */ = {
			isa = PBXSourcesBuildPhase;
			buildActionMask = 2147483647;
			files = (
				04F48F342025B1D40014F289 /* LentTestUITests.swift in Sources */,
			);
			runOnlyForDeploymentPostprocessing = 0;
		};
/* End PBXSourcesBuildPhase section */

/* Begin PBXTargetDependency section */
		04F48F262025B1D40014F289 /* PBXTargetDependency */ = {
			isa = PBXTargetDependency;
			target = 04F48F0F2025B1D30014F289 /* LentTest */;
			targetProxy = 04F48F252025B1D40014F289 /* PBXContainerItemProxy */;
		};
		04F48F312025B1D40014F289 /* PBXTargetDependency */ = {
			isa = PBXTargetDependency;
			target = 04F48F0F2025B1D30014F289 /* LentTest */;
			targetProxy = 04F48F302025B1D40014F289 /* PBXContainerItemProxy */;
		};
/* End PBXTargetDependency section */

/* Begin PBXVariantGroup section */
		04F48F172025B1D40014F289 /* Main.storyboard */ = {
			isa = PBXVariantGroup;
			children = (
				04F48F182025B1D40014F289 /* Base */,
			);
			name = Main.storyboard;
			sourceTree = "<group>";
		};
		04F48F1C2025B1D40014F289 /* LaunchScreen.storyboard */ = {
			isa = PBXVariantGroup;
			children = (
				04F48F1D2025B1D40014F289 /* Base */,
			);
			name = LaunchScreen.storyboard;
			sourceTree = "<group>";
		};
/* End PBXVariantGroup section */

/* Begin XCBuildConfiguration section */
		04F48F362025B1D40014F289 /* Debug */ = {
			isa = XCBuildConfiguration;
			buildSettings = {
				ALWAYS_SEARCH_USER_PATHS = NO;
				CLANG_ANALYZER_NONNULL = YES;
				CLANG_ANALYZER_NUMBER_OBJECT_CONVERSION = YES_AGGRESSIVE;
				CLANG_CXX_LANGUAGE_STANDARD = "gnu++14";
				CLANG_CXX_LIBRARY = "libc++";
				CLANG_ENABLE_MODULES = YES;
				CLANG_ENABLE_OBJC_ARC = YES;
				CLANG_WARN_BLOCK_CAPTURE_AUTORELEASING = YES;
				CLANG_WARN_BOOL_CONVERSION = YES;
				CLANG_WARN_COMMA = YES;
				CLANG_WARN_CONSTANT_CONVERSION = YES;
				CLANG_WARN_DIRECT_OBJC_ISA_USAGE = YES_ERROR;
				CLANG_WARN_DOCUMENTATION_COMMENTS = YES;
				CLANG_WARN_EMPTY_BODY = YES;
				CLANG_WARN_ENUM_CONVERSION = YES;
				CLANG_WARN_INFINITE_RECURSION = YES;
				CLANG_WARN_INT_CONVERSION = YES;
				CLANG_WARN_NON_LITERAL_NULL_CONVERSION = YES;
				CLANG_WARN_OBJC_LITERAL_CONVERSION = YES;
				CLANG_WARN_OBJC_ROOT_CLASS = YES_ERROR;
				CLANG_WARN_RANGE_LOOP_ANALYSIS = YES;
				CLANG_WARN_STRICT_PROTOTYPES = YES;
				CLANG_WARN_SUSPICIOUS_MOVE = YES;
				CLANG_WARN_UNGUARDED_AVAILABILITY = YES_AGGRESSIVE;
				CLANG_WARN_UNREACHABLE_CODE = YES;
				CLANG_WARN__DUPLICATE_METHOD_MATCH = YES;
				CODE_SIGN_IDENTITY = "iPhone Developer";
				COPY_PHASE_STRIP = NO;
				DEBUG_INFORMATION_FORMAT = dwarf;
				ENABLE_STRICT_OBJC_MSGSEND = YES;
				ENABLE_TESTABILITY = YES;
				GCC_C_LANGUAGE_STANDARD = gnu11;
				GCC_DYNAMIC_NO_PIC = NO;
				GCC_NO_COMMON_BLOCKS = YES;
				GCC_OPTIMIZATION_LEVEL = 0;
				GCC_PREPROCESSOR_DEFINITIONS = (
					"DEBUG=1",
					"$(inherited)",
				);
				GCC_WARN_64_TO_32_BIT_CONVERSION = YES;
				GCC_WARN_ABOUT_RETURN_TYPE = YES_ERROR;
				GCC_WARN_UNDECLARED_SELECTOR = YES;
				GCC_WARN_UNINITIALIZED_AUTOS = YES_AGGRESSIVE;
				GCC_WARN_UNUSED_FUNCTION = YES;
				GCC_WARN_UNUSED_VARIABLE = YES;
				IPHONEOS_DEPLOYMENT_TARGET = 11.2;
				MTL_ENABLE_DEBUG_INFO = YES;
				ONLY_ACTIVE_ARCH = YES;
				SDKROOT = iphoneos;
				SWIFT_ACTIVE_COMPILATION_CONDITIONS = DEBUG;
				SWIFT_OPTIMIZATION_LEVEL = "-Onone";
			};
			name = Debug;
		};
		04F48F372025B1D40014F289 /* Release */ = {
			isa = XCBuildConfiguration;
			buildSettings = {
				ALWAYS_SEARCH_USER_PATHS = NO;
				CLANG_ANALYZER_NONNULL = YES;
				CLANG_ANALYZER_NUMBER_OBJECT_CONVERSION = YES_AGGRESSIVE;
				CLANG_CXX_LANGUAGE_STANDARD = "gnu++14";
				CLANG_CXX_LIBRARY = "libc++";
				CLANG_ENABLE_MODULES = YES;
				CLANG_ENABLE_OBJC_ARC = YES;
				CLANG_WARN_BLOCK_CAPTURE_AUTORELEASING = YES;
				CLANG_WARN_BOOL_CONVERSION = YES;
				CLANG_WARN_COMMA = YES;
				CLANG_WARN_CONSTANT_CONVERSION = YES;
				CLANG_WARN_DIRECT_OBJC_ISA_USAGE = YES_ERROR;
				CLANG_WARN_DOCUMENTATION_COMMENTS = YES;
				CLANG_WARN_EMPTY_BODY = YES;
				CLANG_WARN_ENUM_CONVERSION = YES;
				CLANG_WARN_INFINITE_RECURSION = YES;
				CLANG_WARN_INT_CONVERSION = YES;
				CLANG_WARN_NON_LITERAL_NULL_CONVERSION = YES;
				CLANG_WARN_OBJC_LITERAL_CONVERSION = YES;
				CLANG_WARN_OBJC_ROOT_CLASS = YES_ERROR;
				CLANG_WARN_RANGE_LOOP_ANALYSIS = YES;
				CLANG_WARN_STRICT_PROTOTYPES = YES;
				CLANG_WARN_SUSPICIOUS_MOVE = YES;
				CLANG_WARN_UNGUARDED_AVAILABILITY = YES_AGGRESSIVE;
				CLANG_WARN_UNREACHABLE_CODE = YES;
				CLANG_WARN__DUPLICATE_METHOD_MATCH = YES;
				CODE_SIGN_IDENTITY = "iPhone Developer";
				COPY_PHASE_STRIP = NO;
				DEBUG_INFORMATION_FORMAT = "dwarf-with-dsym";
				ENABLE_NS_ASSERTIONS = NO;
				ENABLE_STRICT_OBJC_MSGSEND = YES;
				GCC_C_LANGUAGE_STANDARD = gnu11;
				GCC_NO_COMMON_BLOCKS = YES;
				GCC_WARN_64_TO_32_BIT_CONVERSION = YES;
				GCC_WARN_ABOUT_RETURN_TYPE = YES_ERROR;
				GCC_WARN_UNDECLARED_SELECTOR = YES;
				GCC_WARN_UNINITIALIZED_AUTOS = YES_AGGRESSIVE;
				GCC_WARN_UNUSED_FUNCTION = YES;
				GCC_WARN_UNUSED_VARIABLE = YES;
				IPHONEOS_DEPLOYMENT_TARGET = 11.2;
				MTL_ENABLE_DEBUG_INFO = NO;
				SDKROOT = iphoneos;
				SWIFT_OPTIMIZATION_LEVEL = "-Owholemodule";
				VALIDATE_PRODUCT = YES;
			};
			name = Release;
		};
		04F48F392025B1D40014F289 /* Debug */ = {
			isa = XCBuildConfiguration;
			buildSettings = {
				ASSETCATALOG_COMPILER_APPICON_NAME = AppIcon;
				CODE_SIGN_STYLE = Automatic;
				DEVELOPMENT_TEAM = AZQME83VC4;
				INFOPLIST_FILE = LentTest/Info.plist;
				LD_RUNPATH_SEARCH_PATHS = "$(inherited) @executable_path/Frameworks";
				PRODUCT_BUNDLE_IDENTIFIER = seenashafai.LentTest;
				PRODUCT_NAME = "$(TARGET_NAME)";
				SWIFT_VERSION = 4.0;
				TARGETED_DEVICE_FAMILY = "1,2";
			};
			name = Debug;
		};
		04F48F3A2025B1D40014F289 /* Release */ = {
			isa = XCBuildConfiguration;
			buildSettings = {
				ASSETCATALOG_COMPILER_APPICON_NAME = AppIcon;
				CODE_SIGN_STYLE = Automatic;
				DEVELOPMENT_TEAM = AZQME83VC4;
				INFOPLIST_FILE = LentTest/Info.plist;
				LD_RUNPATH_SEARCH_PATHS = "$(inherited) @executable_path/Frameworks";
				PRODUCT_BUNDLE_IDENTIFIER = seenashafai.LentTest;
				PRODUCT_NAME = "$(TARGET_NAME)";
				SWIFT_VERSION = 4.0;
				TARGETED_DEVICE_FAMILY = "1,2";
			};
			name = Release;
		};
		04F48F3C2025B1D40014F289 /* Debug */ = {
			isa = XCBuildConfiguration;
			buildSettings = {
				ALWAYS_EMBED_SWIFT_STANDARD_LIBRARIES = YES;
				BUNDLE_LOADER = "$(TEST_HOST)";
				CODE_SIGN_STYLE = Automatic;
				DEVELOPMENT_TEAM = AZQME83VC4;
				INFOPLIST_FILE = LentTestTests/Info.plist;
				LD_RUNPATH_SEARCH_PATHS = "$(inherited) @executable_path/Frameworks @loader_path/Frameworks";
				PRODUCT_BUNDLE_IDENTIFIER = seenashafai.LentTestTests;
				PRODUCT_NAME = "$(TARGET_NAME)";
				SWIFT_VERSION = 4.0;
				TARGETED_DEVICE_FAMILY = "1,2";
				TEST_HOST = "$(BUILT_PRODUCTS_DIR)/LentTest.app/LentTest";
			};
			name = Debug;
		};
		04F48F3D2025B1D40014F289 /* Release */ = {
			isa = XCBuildConfiguration;
			buildSettings = {
				ALWAYS_EMBED_SWIFT_STANDARD_LIBRARIES = YES;
				BUNDLE_LOADER = "$(TEST_HOST)";
				CODE_SIGN_STYLE = Automatic;
				DEVELOPMENT_TEAM = AZQME83VC4;
				INFOPLIST_FILE = LentTestTests/Info.plist;
				LD_RUNPATH_SEARCH_PATHS = "$(inherited) @executable_path/Frameworks @loader_path/Frameworks";
				PRODUCT_BUNDLE_IDENTIFIER = seenashafai.LentTestTests;
				PRODUCT_NAME = "$(TARGET_NAME)";
				SWIFT_VERSION = 4.0;
				TARGETED_DEVICE_FAMILY = "1,2";
				TEST_HOST = "$(BUILT_PRODUCTS_DIR)/LentTest.app/LentTest";
			};
			name = Release;
		};
		04F48F3F2025B1D40014F289 /* Debug */ = {
			isa = XCBuildConfiguration;
			buildSettings = {
				ALWAYS_EMBED_SWIFT_STANDARD_LIBRARIES = YES;
				CODE_SIGN_STYLE = Automatic;
				DEVELOPMENT_TEAM = AZQME83VC4;
				INFOPLIST_FILE = LentTestUITests/Info.plist;
				LD_RUNPATH_SEARCH_PATHS = "$(inherited) @executable_path/Frameworks @loader_path/Frameworks";
				PRODUCT_BUNDLE_IDENTIFIER = seenashafai.LentTestUITests;
				PRODUCT_NAME = "$(TARGET_NAME)";
				SWIFT_VERSION = 4.0;
				TARGETED_DEVICE_FAMILY = "1,2";
				TEST_TARGET_NAME = LentTest;
			};
			name = Debug;
		};
		04F48F402025B1D40014F289 /* Release */ = {
			isa = XCBuildConfiguration;
			buildSettings = {
				ALWAYS_EMBED_SWIFT_STANDARD_LIBRARIES = YES;
				CODE_SIGN_STYLE = Automatic;
				DEVELOPMENT_TEAM = AZQME83VC4;
				INFOPLIST_FILE = LentTestUITests/Info.plist;
				LD_RUNPATH_SEARCH_PATHS = "$(inherited) @executable_path/Frameworks @loader_path/Frameworks";
				PRODUCT_BUNDLE_IDENTIFIER = seenashafai.LentTestUITests;
				PRODUCT_NAME = "$(TARGET_NAME)";
				SWIFT_VERSION = 4.0;
				TARGETED_DEVICE_FAMILY = "1,2";
				TEST_TARGET_NAME = LentTest;
			};
			name = Release;
		};
/* End XCBuildConfiguration section */

/* Begin XCConfigurationList section */
		04F48F0B2025B1D30014F289 /* Build configuration list for PBXProject "LentTest" */ = {
			isa = XCConfigurationList;
			buildConfigurations = (
				04F48F362025B1D40014F289 /* Debug */,
				04F48F372025B1D40014F289 /* Release */,
			);
			defaultConfigurationIsVisible = 0;
			defaultConfigurationName = Release;
		};
		04F48F382025B1D40014F289 /* Build configuration list for PBXNativeTarget "LentTest" */ = {
			isa = XCConfigurationList;
			buildConfigurations = (
				04F48F392025B1D40014F289 /* Debug */,
				04F48F3A2025B1D40014F289 /* Release */,
			);
			defaultConfigurationIsVisible = 0;
			defaultConfigurationName = Release;
		};
		04F48F3B2025B1D40014F289 /* Build configuration list for PBXNativeTarget "LentTestTests" */ = {
			isa = XCConfigurationList;
			buildConfigurations = (
				04F48F3C2025B1D40014F289 /* Debug */,
				04F48F3D2025B1D40014F289 /* Release */,
			);
			defaultConfigurationIsVisible = 0;
			defaultConfigurationName = Release;
		};
		04F48F3E2025B1D40014F289 /* Build configuration list for PBXNativeTarget "LentTestUITests" */ = {
			isa = XCConfigurationList;
			buildConfigurations = (
				04F48F3F2025B1D40014F289 /* Debug */,
				04F48F402025B1D40014F289 /* Release */,
			);
			defaultConfigurationIsVisible = 0;
			defaultConfigurationName = Release;
		};
/* End XCConfigurationList section */
	};
	rootObject = 04F48F082025B1D30014F289 /* Project object */;
}
